
Microsoft Visual Studio Solution File, Format Version 12.00
Project("{FAE04EC0-301F-11D3-BF4B-00C04F79EFBC}") = "SemestralkaBE", "SemestralkaBE\SemestralkaBE.csproj", "{769C7A23-2D3E-4D12-8C2D-D8DFB9963784}"
EndProject
Global
	GlobalSection(SolutionConfigurationPlatforms) = preSolution
		Debug|Any CPU = Debug|Any CPU
		Release|Any CPU = Release|Any CPU
	EndGlobalSection
	GlobalSection(ProjectConfigurationPlatforms) = postSolution
		{769C7A23-2D3E-4D12-8C2D-D8DFB9963784}.Debug|Any CPU.ActiveCfg = Debug|Any CPU
		{769C7A23-2D3E-4D12-8C2D-D8DFB9963784}.Debug|Any CPU.Build.0 = Debug|Any CPU
		{769C7A23-2D3E-4D12-8C2D-D8DFB9963784}.Release|Any CPU.ActiveCfg = Release|Any CPU
		{769C7A23-2D3E-4D12-8C2D-D8DFB9963784}.Release|Any CPU.Build.0 = Release|Any CPU
	EndGlobalSection
EndGlobal
